
Microsoft Visual Studio Solution File, Format Version 12.00
# Visual Studio 15
Project("{FAE04EC0-301F-11D3-BF4B-00C04F79EFBC}") = "Zenject", "Zenject.csproj", "{6C5428F5-0BAC-0928-BF18-BFCA9F2628B5}"
EndProject
Project("{FAE04EC0-301F-11D3-BF4B-00C04F79EFBC}") = "Zenject-UnitTests-Editor", "Zenject-UnitTests-Editor.csproj", "{07AE0C7A-3218-E405-760F-3958AB60CA76}"
EndProject
Project("{FAE04EC0-301F-11D3-BF4B-00C04F79EFBC}") = "Zenject-IntegrationTests", "Zenject-IntegrationTests.csproj", "{BA16CF86-7C60-3941-50E4-D37035D18F26}"
EndProject
Project("{FAE04EC0-301F-11D3-BF4B-00C04F79EFBC}") = "Assembly-CSharp", "Assembly-CSharp.csproj", "{B0AC1D06-8CA7-F9EF-E6E3-20F1B80E3D34}"
EndProject
Project("{FAE04EC0-301F-11D3-BF4B-00C04F79EFBC}") = "Zenject-IntegrationTests-Editor", "Zenject-IntegrationTests-Editor.csproj", "{62B66C28-BE4A-B08D-F2CD-07FD3EA093FA}"
EndProject
Project("{FAE04EC0-301F-11D3-BF4B-00C04F79EFBC}") = "Zenject-ReflectionBaking-Editor", "Zenject-ReflectionBaking-Editor.csproj", "{CEC029B3-AAA2-A390-E751-2466772FFEF2}"
EndProject
Project("{FAE04EC0-301F-11D3-BF4B-00C04F79EFBC}") = "Timeline.Samples.TimeDilation", "Timeline.Samples.TimeDilation.csproj", "{6354C80C-0936-B84C-387A-74FD9DE02B92}"
EndProject
Project("{FAE04EC0-301F-11D3-BF4B-00C04F79EFBC}") = "Zenject-Editor", "Zenject-Editor.csproj", "{36248813-5965-8ACC-2CC9-1F49F6719BC2}"
EndProject
Project("{FAE04EC0-301F-11D3-BF4B-00C04F79EFBC}") = "Timeline.Samples.Video", "Timeline.Samples.Video.csproj", "{F0E18EDA-EE06-869F-DF88-2503CA86871B}"
EndProject
Project("{FAE04EC0-301F-11D3-BF4B-00C04F79EFBC}") = "Zenject-TestFramework", "Zenject-TestFramework.csproj", "{46C8B983-30C9-3F7A-C8B1-CA545B58971C}"
EndProject
Project("{FAE04EC0-301F-11D3-BF4B-00C04F79EFBC}") = "Timeline.Samples.Text", "Timeline.Samples.Text.csproj", "{A682E975-F44B-6986-E381-269269F7E7D0}"
EndProject
Project("{FAE04EC0-301F-11D3-BF4B-00C04F79EFBC}") = "Timeline.Samples.Text.Editor", "Timeline.Samples.Text.Editor.csproj", "{9C19FE4A-771F-8AC8-1DD5-0971F7CFC192}"
EndProject
Project("{FAE04EC0-301F-11D3-BF4B-00C04F79EFBC}") = "Leopotam.Ecs", "Leopotam.Ecs.csproj", "{58EB25D4-38DD-3636-6734-EF79AB172C0A}"
EndProject
Project("{FAE04EC0-301F-11D3-BF4B-00C04F79EFBC}") = "Timeline.Samples.Annotation.Editor", "Timeline.Samples.Annotation.Editor.csproj", "{E97A0BE5-FF18-AA46-2591-579A1ED1B1DD}"
EndProject
Project("{FAE04EC0-301F-11D3-BF4B-00C04F79EFBC}") = "Timeline.Samples.Tween", "Timeline.Samples.Tween.csproj", "{A35674E7-68A8-C20E-BC7A-0DCCE1169F63}"
EndProject
Project("{FAE04EC0-301F-11D3-BF4B-00C04F79EFBC}") = "Timeline.Samples.Utilities", "Timeline.Samples.Utilities.csproj", "{6762438A-84E2-E1E3-2F6B-5348EC0303EC}"
EndProject
Project("{FAE04EC0-301F-11D3-BF4B-00C04F79EFBC}") = "Zenject-PoolMonitor-Editor", "Zenject-PoolMonitor-Editor.csproj", "{36CAF982-2BD3-C161-B511-200AE4B4FE65}"
EndProject
Project("{FAE04EC0-301F-11D3-BF4B-00C04F79EFBC}") = "Timeline.Samples.Utilities.Editor", "Timeline.Samples.Utilities.Editor.csproj", "{144861E9-5579-E30E-278F-D6A13A8EA636}"
EndProject
Project("{FAE04EC0-301F-11D3-BF4B-00C04F79EFBC}") = "Timeline.Samples.Annotation", "Timeline.Samples.Annotation.csproj", "{894F3BB6-E4FC-CF41-C9D5-F4AE2B2495B9}"
EndProject
Project("{FAE04EC0-301F-11D3-BF4B-00C04F79EFBC}") = "Timeline.Samples.Video.Editor", "Timeline.Samples.Video.Editor.csproj", "{33E96652-64D4-97E1-4670-2CC3AED65626}"
EndProject
Project("{FAE04EC0-301F-11D3-BF4B-00C04F79EFBC}") = "AimingRig", "AimingRig.csproj", "{22132E25-F630-53EF-53FA-A62C49AF6027}"
EndProject
Project("{FAE04EC0-301F-11D3-BF4B-00C04F79EFBC}") = "Timeline.Samples.Tween.Editor", "Timeline.Samples.Tween.Editor.csproj", "{EEE204B4-CA42-87E0-C8B7-5AE75582044B}"
EndProject
Global
	GlobalSection(SolutionConfigurationPlatforms) = preSolution
		Debug|Any CPU = Debug|Any CPU
		Release|Any CPU = Release|Any CPU
	EndGlobalSection
	GlobalSection(ProjectConfigurationPlatforms) = postSolution
		{6C5428F5-0BAC-0928-BF18-BFCA9F2628B5}.Debug|Any CPU.ActiveCfg = Debug|Any CPU
		{6C5428F5-0BAC-0928-BF18-BFCA9F2628B5}.Debug|Any CPU.Build.0 = Debug|Any CPU
		{6C5428F5-0BAC-0928-BF18-BFCA9F2628B5}.Release|Any CPU.ActiveCfg = Release|Any CPU
		{6C5428F5-0BAC-0928-BF18-BFCA9F2628B5}.Release|Any CPU.Build.0 = Release|Any CPU
		{07AE0C7A-3218-E405-760F-3958AB60CA76}.Debug|Any CPU.ActiveCfg = Debug|Any CPU
		{07AE0C7A-3218-E405-760F-3958AB60CA76}.Debug|Any CPU.Build.0 = Debug|Any CPU
		{07AE0C7A-3218-E405-760F-3958AB60CA76}.Release|Any CPU.ActiveCfg = Release|Any CPU
		{07AE0C7A-3218-E405-760F-3958AB60CA76}.Release|Any CPU.Build.0 = Release|Any CPU
		{BA16CF86-7C60-3941-50E4-D37035D18F26}.Debug|Any CPU.ActiveCfg = Debug|Any CPU
		{BA16CF86-7C60-3941-50E4-D37035D18F26}.Debug|Any CPU.Build.0 = Debug|Any CPU
		{BA16CF86-7C60-3941-50E4-D37035D18F26}.Release|Any CPU.ActiveCfg = Release|Any CPU
		{BA16CF86-7C60-3941-50E4-D37035D18F26}.Release|Any CPU.Build.0 = Release|Any CPU
		{B0AC1D06-8CA7-F9EF-E6E3-20F1B80E3D34}.Debug|Any CPU.ActiveCfg = Debug|Any CPU
		{B0AC1D06-8CA7-F9EF-E6E3-20F1B80E3D34}.Debug|Any CPU.Build.0 = Debug|Any CPU
		{B0AC1D06-8CA7-F9EF-E6E3-20F1B80E3D34}.Release|Any CPU.ActiveCfg = Release|Any CPU
		{B0AC1D06-8CA7-F9EF-E6E3-20F1B80E3D34}.Release|Any CPU.Build.0 = Release|Any CPU
		{62B66C28-BE4A-B08D-F2CD-07FD3EA093FA}.Debug|Any CPU.ActiveCfg = Debug|Any CPU
		{62B66C28-BE4A-B08D-F2CD-07FD3EA093FA}.Debug|Any CPU.Build.0 = Debug|Any CPU
		{62B66C28-BE4A-B08D-F2CD-07FD3EA093FA}.Release|Any CPU.ActiveCfg = Release|Any CPU
		{62B66C28-BE4A-B08D-F2CD-07FD3EA093FA}.Release|Any CPU.Build.0 = Release|Any CPU
		{CEC029B3-AAA2-A390-E751-2466772FFEF2}.Debug|Any CPU.ActiveCfg = Debug|Any CPU
		{CEC029B3-AAA2-A390-E751-2466772FFEF2}.Debug|Any CPU.Build.0 = Debug|Any CPU
		{CEC029B3-AAA2-A390-E751-2466772FFEF2}.Release|Any CPU.ActiveCfg = Release|Any CPU
		{CEC029B3-AAA2-A390-E751-2466772FFEF2}.Release|Any CPU.Build.0 = Release|Any CPU
		{6354C80C-0936-B84C-387A-74FD9DE02B92}.Debug|Any CPU.ActiveCfg = Debug|Any CPU
		{6354C80C-0936-B84C-387A-74FD9DE02B92}.Debug|Any CPU.Build.0 = Debug|Any CPU
		{6354C80C-0936-B84C-387A-74FD9DE02B92}.Release|Any CPU.ActiveCfg = Release|Any CPU
		{6354C80C-0936-B84C-387A-74FD9DE02B92}.Release|Any CPU.Build.0 = Release|Any CPU
		{36248813-5965-8ACC-2CC9-1F49F6719BC2}.Debug|Any CPU.ActiveCfg = Debug|Any CPU
		{36248813-5965-8ACC-2CC9-1F49F6719BC2}.Debug|Any CPU.Build.0 = Debug|Any CPU
		{36248813-5965-8ACC-2CC9-1F49F6719BC2}.Release|Any CPU.ActiveCfg = Release|Any CPU
		{36248813-5965-8ACC-2CC9-1F49F6719BC2}.Release|Any CPU.Build.0 = Release|Any CPU
		{F0E18EDA-EE06-869F-DF88-2503CA86871B}.Debug|Any CPU.ActiveCfg = Debug|Any CPU
		{F0E18EDA-EE06-869F-DF88-2503CA86871B}.Debug|Any CPU.Build.0 = Debug|Any CPU
		{F0E18EDA-EE06-869F-DF88-2503CA86871B}.Release|Any CPU.ActiveCfg = Release|Any CPU
		{F0E18EDA-EE06-869F-DF88-2503CA86871B}.Release|Any CPU.Build.0 = Release|Any CPU
		{46C8B983-30C9-3F7A-C8B1-CA545B58971C}.Debug|Any CPU.ActiveCfg = Debug|Any CPU
		{46C8B983-30C9-3F7A-C8B1-CA545B58971C}.Debug|Any CPU.Build.0 = Debug|Any CPU
		{46C8B983-30C9-3F7A-C8B1-CA545B58971C}.Release|Any CPU.ActiveCfg = Release|Any CPU
		{46C8B983-30C9-3F7A-C8B1-CA545B58971C}.Release|Any CPU.Build.0 = Release|Any CPU
		{A682E975-F44B-6986-E381-269269F7E7D0}.Debug|Any CPU.ActiveCfg = Debug|Any CPU
		{A682E975-F44B-6986-E381-269269F7E7D0}.Debug|Any CPU.Build.0 = Debug|Any CPU
		{A682E975-F44B-6986-E381-269269F7E7D0}.Release|Any CPU.ActiveCfg = Release|Any CPU
		{A682E975-F44B-6986-E381-269269F7E7D0}.Release|Any CPU.Build.0 = Release|Any CPU
		{9C19FE4A-771F-8AC8-1DD5-0971F7CFC192}.Debug|Any CPU.ActiveCfg = Debug|Any CPU
		{9C19FE4A-771F-8AC8-1DD5-0971F7CFC192}.Debug|Any CPU.Build.0 = Debug|Any CPU
		{9C19FE4A-771F-8AC8-1DD5-0971F7CFC192}.Release|Any CPU.ActiveCfg = Release|Any CPU
		{9C19FE4A-771F-8AC8-1DD5-0971F7CFC192}.Release|Any CPU.Build.0 = Release|Any CPU
		{58EB25D4-38DD-3636-6734-EF79AB172C0A}.Debug|Any CPU.ActiveCfg = Debug|Any CPU
		{58EB25D4-38DD-3636-6734-EF79AB172C0A}.Debug|Any CPU.Build.0 = Debug|Any CPU
		{58EB25D4-38DD-3636-6734-EF79AB172C0A}.Release|Any CPU.ActiveCfg = Release|Any CPU
		{58EB25D4-38DD-3636-6734-EF79AB172C0A}.Release|Any CPU.Build.0 = Release|Any CPU
		{E97A0BE5-FF18-AA46-2591-579A1ED1B1DD}.Debug|Any CPU.ActiveCfg = Debug|Any CPU
		{E97A0BE5-FF18-AA46-2591-579A1ED1B1DD}.Debug|Any CPU.Build.0 = Debug|Any CPU
		{E97A0BE5-FF18-AA46-2591-579A1ED1B1DD}.Release|Any CPU.ActiveCfg = Release|Any CPU
		{E97A0BE5-FF18-AA46-2591-579A1ED1B1DD}.Release|Any CPU.Build.0 = Release|Any CPU
		{A35674E7-68A8-C20E-BC7A-0DCCE1169F63}.Debug|Any CPU.ActiveCfg = Debug|Any CPU
		{A35674E7-68A8-C20E-BC7A-0DCCE1169F63}.Debug|Any CPU.Build.0 = Debug|Any CPU
		{A35674E7-68A8-C20E-BC7A-0DCCE1169F63}.Release|Any CPU.ActiveCfg = Release|Any CPU
		{A35674E7-68A8-C20E-BC7A-0DCCE1169F63}.Release|Any CPU.Build.0 = Release|Any CPU
		{6762438A-84E2-E1E3-2F6B-5348EC0303EC}.Debug|Any CPU.ActiveCfg = Debug|Any CPU
		{6762438A-84E2-E1E3-2F6B-5348EC0303EC}.Debug|Any CPU.Build.0 = Debug|Any CPU
		{6762438A-84E2-E1E3-2F6B-5348EC0303EC}.Release|Any CPU.ActiveCfg = Release|Any CPU
		{6762438A-84E2-E1E3-2F6B-5348EC0303EC}.Release|Any CPU.Build.0 = Release|Any CPU
		{36CAF982-2BD3-C161-B511-200AE4B4FE65}.Debug|Any CPU.ActiveCfg = Debug|Any CPU
		{36CAF982-2BD3-C161-B511-200AE4B4FE65}.Debug|Any CPU.Build.0 = Debug|Any CPU
		{36CAF982-2BD3-C161-B511-200AE4B4FE65}.Release|Any CPU.ActiveCfg = Release|Any CPU
		{36CAF982-2BD3-C161-B511-200AE4B4FE65}.Release|Any CPU.Build.0 = Release|Any CPU
		{144861E9-5579-E30E-278F-D6A13A8EA636}.Debug|Any CPU.ActiveCfg = Debug|Any CPU
		{144861E9-5579-E30E-278F-D6A13A8EA636}.Debug|Any CPU.Build.0 = Debug|Any CPU
		{144861E9-5579-E30E-278F-D6A13A8EA636}.Release|Any CPU.ActiveCfg = Release|Any CPU
		{144861E9-5579-E30E-278F-D6A13A8EA636}.Release|Any CPU.Build.0 = Release|Any CPU
		{894F3BB6-E4FC-CF41-C9D5-F4AE2B2495B9}.Debug|Any CPU.ActiveCfg = Debug|Any CPU
		{894F3BB6-E4FC-CF41-C9D5-F4AE2B2495B9}.Debug|Any CPU.Build.0 = Debug|Any CPU
		{894F3BB6-E4FC-CF41-C9D5-F4AE2B2495B9}.Release|Any CPU.ActiveCfg = Release|Any CPU
		{894F3BB6-E4FC-CF41-C9D5-F4AE2B2495B9}.Release|Any CPU.Build.0 = Release|Any CPU
		{33E96652-64D4-97E1-4670-2CC3AED65626}.Debug|Any CPU.ActiveCfg = Debug|Any CPU
		{33E96652-64D4-97E1-4670-2CC3AED65626}.Debug|Any CPU.Build.0 = Debug|Any CPU
		{33E96652-64D4-97E1-4670-2CC3AED65626}.Release|Any CPU.ActiveCfg = Release|Any CPU
		{33E96652-64D4-97E1-4670-2CC3AED65626}.Release|Any CPU.Build.0 = Release|Any CPU
		{22132E25-F630-53EF-53FA-A62C49AF6027}.Debug|Any CPU.ActiveCfg = Debug|Any CPU
		{22132E25-F630-53EF-53FA-A62C49AF6027}.Debug|Any CPU.Build.0 = Debug|Any CPU
		{22132E25-F630-53EF-53FA-A62C49AF6027}.Release|Any CPU.ActiveCfg = Release|Any CPU
		{22132E25-F630-53EF-53FA-A62C49AF6027}.Release|Any CPU.Build.0 = Release|Any CPU
		{EEE204B4-CA42-87E0-C8B7-5AE75582044B}.Debug|Any CPU.ActiveCfg = Debug|Any CPU
		{EEE204B4-CA42-87E0-C8B7-5AE75582044B}.Debug|Any CPU.Build.0 = Debug|Any CPU
		{EEE204B4-CA42-87E0-C8B7-5AE75582044B}.Release|Any CPU.ActiveCfg = Release|Any CPU
		{EEE204B4-CA42-87E0-C8B7-5AE75582044B}.Release|Any CPU.Build.0 = Release|Any CPU
	EndGlobalSection
	GlobalSection(SolutionProperties) = preSolution
		HideSolutionNode = FALSE
	EndGlobalSection
EndGlobal
